PODS:
  - Flutter (1.0.0)
  - flutter_aipocr (0.0.1):
    - Flutter
    - flutter_aipocr/AipBase (= 0.0.1)
    - flutter_aipocr/AipOcrSdk (= 0.0.1)
    - flutter_aipocr/IdcardQuality (= 0.0.1)
  - flutter_aipocr/AipBase (0.0.1):
    - Flutter
  - flutter_aipocr/AipOcrSdk (0.0.1):
    - Flutter
  - flutter_aipocr/IdcardQuality (0.0.1):
    - Flutter

DEPENDENCIES:
  - Flutter (from `.symlinks/flutter/ios`)
  - flutter_aipocr (from `.symlinks/plugins/flutter_aipocr/ios`)

EXTERNAL SOURCES:
  Flutter:
    :path: ".symlinks/flutter/ios"
  flutter_aipocr:
    :path: ".symlinks/plugins/flutter_aipocr/ios"

SPEC CHECKSUMS:
  Flutter: 76dbff31e3e63046a53f135e70deae70c492640b
  flutter_aipocr: 3efd0f09f466a0f7af996f583b2a4366108e425b

PODFILE CHECKSUM: 3389836f37640698630b8f0670315d626d5f1469

COCOAPODS: 1.6.0.beta.1
